
Microsoft Visual Studio Solution File, Format Version 12.00
# Visual Studio Version 16
VisualStudioVersion = 16.0.30309.148
MinimumVisualStudioVersion = 10.0.40219.1
Project("{FAE04EC0-301F-11D3-BF4B-00C04F79EFBC}") = "Advanced3DModels", "Advanced3DModels\Advanced3DModels.csproj", "{B1F2B4C5-02A3-4E48-B707-19385256EA5B}"
EndProject
Project("{FAE04EC0-301F-11D3-BF4B-00C04F79EFBC}") = "Models3D", "BaseGeomeryPrimitives\Models3D.csproj", "{CBA112EB-473D-4F10-8969-3979BF2B51D9}"
EndProject
Project("{FAE04EC0-301F-11D3-BF4B-00C04F79EFBC}") = "UnitTestModels3D", "UnitTestModels3D\UnitTestModels3D.csproj", "{750EBE02-B97E-4CF5-A2A5-9FE075B2E502}"
EndProject
Project("{FAE04EC0-301F-11D3-BF4B-00C04F79EFBC}") = "WinPixelModels", "WinPixelModels\WinPixelModels.csproj", "{28888B56-5205-438E-88D4-7E2A2DACB776}"
EndProject
Global
	GlobalSection(SolutionConfigurationPlatforms) = preSolution
		Debug|Any CPU = Debug|Any CPU
		Release|Any CPU = Release|Any CPU
	EndGlobalSection
	GlobalSection(ProjectConfigurationPlatforms) = postSolution
		{B1F2B4C5-02A3-4E48-B707-19385256EA5B}.Debug|Any CPU.ActiveCfg = Debug|Any CPU
		{B1F2B4C5-02A3-4E48-B707-19385256EA5B}.Debug|Any CPU.Build.0 = Debug|Any CPU
		{B1F2B4C5-02A3-4E48-B707-19385256EA5B}.Release|Any CPU.ActiveCfg = Release|Any CPU
		{B1F2B4C5-02A3-4E48-B707-19385256EA5B}.Release|Any CPU.Build.0 = Release|Any CPU
		{CBA112EB-473D-4F10-8969-3979BF2B51D9}.Debug|Any CPU.ActiveCfg = Debug|Any CPU
		{CBA112EB-473D-4F10-8969-3979BF2B51D9}.Debug|Any CPU.Build.0 = Debug|Any CPU
		{CBA112EB-473D-4F10-8969-3979BF2B51D9}.Release|Any CPU.ActiveCfg = Release|Any CPU
		{CBA112EB-473D-4F10-8969-3979BF2B51D9}.Release|Any CPU.Build.0 = Release|Any CPU
		{750EBE02-B97E-4CF5-A2A5-9FE075B2E502}.Debug|Any CPU.ActiveCfg = Debug|Any CPU
		{750EBE02-B97E-4CF5-A2A5-9FE075B2E502}.Debug|Any CPU.Build.0 = Debug|Any CPU
		{750EBE02-B97E-4CF5-A2A5-9FE075B2E502}.Release|Any CPU.ActiveCfg = Release|Any CPU
		{750EBE02-B97E-4CF5-A2A5-9FE075B2E502}.Release|Any CPU.Build.0 = Release|Any CPU
		{28888B56-5205-438E-88D4-7E2A2DACB776}.Debug|Any CPU.ActiveCfg = Debug|Any CPU
		{28888B56-5205-438E-88D4-7E2A2DACB776}.Debug|Any CPU.Build.0 = Debug|Any CPU
		{28888B56-5205-438E-88D4-7E2A2DACB776}.Release|Any CPU.ActiveCfg = Release|Any CPU
		{28888B56-5205-438E-88D4-7E2A2DACB776}.Release|Any CPU.Build.0 = Release|Any CPU
	EndGlobalSection
	GlobalSection(SolutionProperties) = preSolution
		HideSolutionNode = FALSE
	EndGlobalSection
	GlobalSection(ExtensibilityGlobals) = postSolution
		SolutionGuid = {2D49D204-0ECA-4B76-9A67-1DA67C2E9F1F}
	EndGlobalSection
EndGlobal
